
Microsoft Visual Studio Solution File, Format Version 12.00
# Visual Studio Version 17
VisualStudioVersion = 17.11.35222.181
MinimumVisualStudioVersion = 10.0.40219.1
Project("{888888A0-9F3D-457C-B088-3A5042F75D52}") = "ScaryHamsters_Assignment11", "ScaryHamsters_Assignment11\ScaryHamsters_Assignment11.pyproj", "{B6CAA583-DF5C-4821-BF8B-6B9C79B1961B}"
EndProject
Global
	GlobalSection(SolutionConfigurationPlatforms) = preSolution
		Debug|Any CPU = Debug|Any CPU
		Release|Any CPU = Release|Any CPU
	EndGlobalSection
	GlobalSection(ProjectConfigurationPlatforms) = postSolution
		{B6CAA583-DF5C-4821-BF8B-6B9C79B1961B}.Debug|Any CPU.ActiveCfg = Debug|Any CPU
		{B6CAA583-DF5C-4821-BF8B-6B9C79B1961B}.Release|Any CPU.ActiveCfg = Release|Any CPU
	EndGlobalSection
	GlobalSection(SolutionProperties) = preSolution
		HideSolutionNode = FALSE
	EndGlobalSection
	GlobalSection(ExtensibilityGlobals) = postSolution
		SolutionGuid = {552F40EB-887A-49CD-A4F8-65792F5D8E69}
	EndGlobalSection
EndGlobal
